
Microsoft Visual Studio Solution File, Format Version 12.00
# Visual Studio 2013
VisualStudioVersion = 12.0.31101.0
MinimumVisualStudioVersion = 10.0.40219.1
Project("{FAE04EC0-301F-11D3-BF4B-00C04F79EFBC}") = "SpartanMediaPlayer.WPF", "SpartanMediaPlayer\SpartanMediaPlayer.WPF.csproj", "{9A945E87-32E7-4FD7-ACAE-96EF9AEAD859}"
EndProject
Project("{FAE04EC0-301F-11D3-BF4B-00C04F79EFBC}") = "SpartanMediaPlayer.SystemPlayer", "SpartanMediaPlayer.SystemPlayer\SpartanMediaPlayer.SystemPlayer.csproj", "{B9AD6E09-DDFA-4585-BB28-E5BA85564663}"
EndProject
Project("{FAE04EC0-301F-11D3-BF4B-00C04F79EFBC}") = "SpartanMediaPlayer.Models", "SpartanMediaPlayer.Models\SpartanMediaPlayer.Models.csproj", "{BB3A2868-577D-4574-8A20-6166C0620E4D}"
EndProject
Global
	GlobalSection(SolutionConfigurationPlatforms) = preSolution
		Debug|Any CPU = Debug|Any CPU
		Release|Any CPU = Release|Any CPU
	EndGlobalSection
	GlobalSection(ProjectConfigurationPlatforms) = postSolution
		{9A945E87-32E7-4FD7-ACAE-96EF9AEAD859}.Debug|Any CPU.ActiveCfg = Debug|Any CPU
		{9A945E87-32E7-4FD7-ACAE-96EF9AEAD859}.Debug|Any CPU.Build.0 = Debug|Any CPU
		{9A945E87-32E7-4FD7-ACAE-96EF9AEAD859}.Release|Any CPU.ActiveCfg = Release|Any CPU
		{9A945E87-32E7-4FD7-ACAE-96EF9AEAD859}.Release|Any CPU.Build.0 = Release|Any CPU
		{B9AD6E09-DDFA-4585-BB28-E5BA85564663}.Debug|Any CPU.ActiveCfg = Debug|Any CPU
		{B9AD6E09-DDFA-4585-BB28-E5BA85564663}.Debug|Any CPU.Build.0 = Debug|Any CPU
		{B9AD6E09-DDFA-4585-BB28-E5BA85564663}.Release|Any CPU.ActiveCfg = Release|Any CPU
		{B9AD6E09-DDFA-4585-BB28-E5BA85564663}.Release|Any CPU.Build.0 = Release|Any CPU
		{BB3A2868-577D-4574-8A20-6166C0620E4D}.Debug|Any CPU.ActiveCfg = Debug|Any CPU
		{BB3A2868-577D-4574-8A20-6166C0620E4D}.Debug|Any CPU.Build.0 = Debug|Any CPU
		{BB3A2868-577D-4574-8A20-6166C0620E4D}.Release|Any CPU.ActiveCfg = Release|Any CPU
		{BB3A2868-577D-4574-8A20-6166C0620E4D}.Release|Any CPU.Build.0 = Release|Any CPU
	EndGlobalSection
	GlobalSection(SolutionProperties) = preSolution
		HideSolutionNode = FALSE
	EndGlobalSection
EndGlobal
